
Microsoft Visual Studio Solution File, Format Version 12.00
# Visual Studio Version 17
VisualStudioVersion = 17.0.31903.59
MinimumVisualStudioVersion = 10.0.40219.1
Project("{2150E333-8FDC-42A3-9474-1A3956D46DE8}") = "src", "src", "{827E0CD3-B72D-47B6-A68D-7590B98EB39B}"
EndProject
Project("{FAE04EC0-301F-11D3-BF4B-00C04F79EFBC}") = "Products.API", "src\Products.API\Products.API.csproj", "{F160148C-489D-49E5-8BE1-21754022F5F5}"
EndProject
Project("{FAE04EC0-301F-11D3-BF4B-00C04F79EFBC}") = "Products.Application", "src\Products.Application\Products.Application.csproj", "{6E365EDB-FCBA-422A-A550-8BDB48A22163}"
EndProject
Project("{FAE04EC0-301F-11D3-BF4B-00C04F79EFBC}") = "Products.Domain", "src\Products.Domain\Products.Domain.csproj", "{3D2C5306-1F82-4024-B401-4234B37C4F98}"
EndProject
Project("{FAE04EC0-301F-11D3-BF4B-00C04F79EFBC}") = "Products.Infrastructure", "src\Products.Infrastructure\Products.Infrastructure.csproj", "{2F18B0ED-867A-4B25-9D65-D8795A55A1A3}"
EndProject
Global
	GlobalSection(SolutionConfigurationPlatforms) = preSolution
		Debug|Any CPU = Debug|Any CPU
		Debug|x64 = Debug|x64
		Debug|x86 = Debug|x86
		Release|Any CPU = Release|Any CPU
		Release|x64 = Release|x64
		Release|x86 = Release|x86
	EndGlobalSection
	GlobalSection(ProjectConfigurationPlatforms) = postSolution
		{F160148C-489D-49E5-8BE1-21754022F5F5}.Debug|Any CPU.ActiveCfg = Debug|Any CPU
		{F160148C-489D-49E5-8BE1-21754022F5F5}.Debug|Any CPU.Build.0 = Debug|Any CPU
		{F160148C-489D-49E5-8BE1-21754022F5F5}.Debug|x64.ActiveCfg = Debug|Any CPU
		{F160148C-489D-49E5-8BE1-21754022F5F5}.Debug|x64.Build.0 = Debug|Any CPU
		{F160148C-489D-49E5-8BE1-21754022F5F5}.Debug|x86.ActiveCfg = Debug|Any CPU
		{F160148C-489D-49E5-8BE1-21754022F5F5}.Debug|x86.Build.0 = Debug|Any CPU
		{F160148C-489D-49E5-8BE1-21754022F5F5}.Release|Any CPU.ActiveCfg = Release|Any CPU
		{F160148C-489D-49E5-8BE1-21754022F5F5}.Release|Any CPU.Build.0 = Release|Any CPU
		{F160148C-489D-49E5-8BE1-21754022F5F5}.Release|x64.ActiveCfg = Release|Any CPU
		{F160148C-489D-49E5-8BE1-21754022F5F5}.Release|x64.Build.0 = Release|Any CPU
		{F160148C-489D-49E5-8BE1-21754022F5F5}.Release|x86.ActiveCfg = Release|Any CPU
		{F160148C-489D-49E5-8BE1-21754022F5F5}.Release|x86.Build.0 = Release|Any CPU
		{6E365EDB-FCBA-422A-A550-8BDB48A22163}.Debug|Any CPU.ActiveCfg = Debug|Any CPU
		{6E365EDB-FCBA-422A-A550-8BDB48A22163}.Debug|Any CPU.Build.0 = Debug|Any CPU
		{6E365EDB-FCBA-422A-A550-8BDB48A22163}.Debug|x64.ActiveCfg = Debug|Any CPU
		{6E365EDB-FCBA-422A-A550-8BDB48A22163}.Debug|x64.Build.0 = Debug|Any CPU
		{6E365EDB-FCBA-422A-A550-8BDB48A22163}.Debug|x86.ActiveCfg = Debug|Any CPU
		{6E365EDB-FCBA-422A-A550-8BDB48A22163}.Debug|x86.Build.0 = Debug|Any CPU
		{6E365EDB-FCBA-422A-A550-8BDB48A22163}.Release|Any CPU.ActiveCfg = Release|Any CPU
		{6E365EDB-FCBA-422A-A550-8BDB48A22163}.Release|Any CPU.Build.0 = Release|Any CPU
		{6E365EDB-FCBA-422A-A550-8BDB48A22163}.Release|x64.ActiveCfg = Release|Any CPU
		{6E365EDB-FCBA-422A-A550-8BDB48A22163}.Release|x64.Build.0 = Release|Any CPU
		{6E365EDB-FCBA-422A-A550-8BDB48A22163}.Release|x86.ActiveCfg = Release|Any CPU
		{6E365EDB-FCBA-422A-A550-8BDB48A22163}.Release|x86.Build.0 = Release|Any CPU
		{3D2C5306-1F82-4024-B401-4234B37C4F98}.Debug|Any CPU.ActiveCfg = Debug|Any CPU
		{3D2C5306-1F82-4024-B401-4234B37C4F98}.Debug|Any CPU.Build.0 = Debug|Any CPU
		{3D2C5306-1F82-4024-B401-4234B37C4F98}.Debug|x64.ActiveCfg = Debug|Any CPU
		{3D2C5306-1F82-4024-B401-4234B37C4F98}.Debug|x64.Build.0 = Debug|Any CPU
		{3D2C5306-1F82-4024-B401-4234B37C4F98}.Debug|x86.ActiveCfg = Debug|Any CPU
		{3D2C5306-1F82-4024-B401-4234B37C4F98}.Debug|x86.Build.0 = Debug|Any CPU
		{3D2C5306-1F82-4024-B401-4234B37C4F98}.Release|Any CPU.ActiveCfg = Release|Any CPU
		{3D2C5306-1F82-4024-B401-4234B37C4F98}.Release|Any CPU.Build.0 = Release|Any CPU
		{3D2C5306-1F82-4024-B401-4234B37C4F98}.Release|x64.ActiveCfg = Release|Any CPU
		{3D2C5306-1F82-4024-B401-4234B37C4F98}.Release|x64.Build.0 = Release|Any CPU
		{3D2C5306-1F82-4024-B401-4234B37C4F98}.Release|x86.ActiveCfg = Release|Any CPU
		{3D2C5306-1F82-4024-B401-4234B37C4F98}.Release|x86.Build.0 = Release|Any CPU
		{2F18B0ED-867A-4B25-9D65-D8795A55A1A3}.Debug|Any CPU.ActiveCfg = Debug|Any CPU
		{2F18B0ED-867A-4B25-9D65-D8795A55A1A3}.Debug|Any CPU.Build.0 = Debug|Any CPU
		{2F18B0ED-867A-4B25-9D65-D8795A55A1A3}.Debug|x64.ActiveCfg = Debug|Any CPU
		{2F18B0ED-867A-4B25-9D65-D8795A55A1A3}.Debug|x64.Build.0 = Debug|Any CPU
		{2F18B0ED-867A-4B25-9D65-D8795A55A1A3}.Debug|x86.ActiveCfg = Debug|Any CPU
		{2F18B0ED-867A-4B25-9D65-D8795A55A1A3}.Debug|x86.Build.0 = Debug|Any CPU
		{2F18B0ED-867A-4B25-9D65-D8795A55A1A3}.Release|Any CPU.ActiveCfg = Release|Any CPU
		{2F18B0ED-867A-4B25-9D65-D8795A55A1A3}.Release|Any CPU.Build.0 = Release|Any CPU
		{2F18B0ED-867A-4B25-9D65-D8795A55A1A3}.Release|x64.ActiveCfg = Release|Any CPU
		{2F18B0ED-867A-4B25-9D65-D8795A55A1A3}.Release|x64.Build.0 = Release|Any CPU
		{2F18B0ED-867A-4B25-9D65-D8795A55A1A3}.Release|x86.ActiveCfg = Release|Any CPU
		{2F18B0ED-867A-4B25-9D65-D8795A55A1A3}.Release|x86.Build.0 = Release|Any CPU
	EndGlobalSection
	GlobalSection(SolutionProperties) = preSolution
		HideSolutionNode = FALSE
	EndGlobalSection
	GlobalSection(NestedProjects) = preSolution
		{F160148C-489D-49E5-8BE1-21754022F5F5} = {827E0CD3-B72D-47B6-A68D-7590B98EB39B}
		{6E365EDB-FCBA-422A-A550-8BDB48A22163} = {827E0CD3-B72D-47B6-A68D-7590B98EB39B}
		{3D2C5306-1F82-4024-B401-4234B37C4F98} = {827E0CD3-B72D-47B6-A68D-7590B98EB39B}
		{2F18B0ED-867A-4B25-9D65-D8795A55A1A3} = {827E0CD3-B72D-47B6-A68D-7590B98EB39B}
	EndGlobalSection
EndGlobal
